
Microsoft Visual Studio Solution File, Format Version 12.00
# Visual Studio 14
VisualStudioVersion = 14.0.25420.1
MinimumVisualStudioVersion = 10.0.40219.1
Project("{FAE04EC0-301F-11D3-BF4B-00C04F79EFBC}") = "IRS.Domain", "IRS.Domain\IRS.Domain.csproj", "{B8B4A492-B14F-4082-8964-F87B9ED21580}"
EndProject
Project("{FAE04EC0-301F-11D3-BF4B-00C04F79EFBC}") = "IRS.Infrastructure", "IRS.Infrastructure\IRS.Infrastructure.csproj", "{86200F80-7D1A-43E4-884D-906175FC603A}"
EndProject
Project("{FAE04EC0-301F-11D3-BF4B-00C04F79EFBC}") = "IRS.IoC", "IRS.IoC\IRS.IoC.csproj", "{DADDBA15-5234-4DC6-8835-0EC7A0E453A0}"
EndProject
Project("{FAE04EC0-301F-11D3-BF4B-00C04F79EFBC}") = "IRS.Services", "IRS.Services\IRS.Services.csproj", "{F6A8DF59-FFCA-436A-94B4-63A79B275539}"
EndProject
Project("{FAE04EC0-301F-11D3-BF4B-00C04F79EFBC}") = "IRS.Migrations", "IRS.Migrations\IRS.Migrations.csproj", "{1D5822C8-47B8-4C85-924B-EB47ACF707FF}"
EndProject
Project("{FAE04EC0-301F-11D3-BF4B-00C04F79EFBC}") = "IRS.Web", "IRS.Web\IRS.Web.csproj", "{974D1CC0-DC07-4DB5-B40F-AD1174F88CF3}"
EndProject
Project("{FAE04EC0-301F-11D3-BF4B-00C04F79EFBC}") = "YuSpin.Fw", "..\Common\YuSpin.Fw\YuSpin.Fw.csproj", "{2E521F9E-66E2-447A-AC65-F9A1A1F1B1E3}"
EndProject
Project("{FAE04EC0-301F-11D3-BF4B-00C04F79EFBC}") = "YuSpin.Fw.Web", "..\Common\YuSpin.Fw.Web\YuSpin.Fw.Web.csproj", "{5F45AD5B-AC23-4252-B7F5-AFBB39278A59}"
EndProject
Project("{2150E333-8FDC-42A3-9474-1A3956D46DE8}") = "Archive", "Archive", "{0CEC9DD2-F13F-4580-91B1-610E206BD0A8}"
EndProject
Project("{FAE04EC0-301F-11D3-BF4B-00C04F79EFBC}") = "YuSpin.Fw.Web.Owin", "..\Common\YuSpin.Fw.Web.Owin\YuSpin.Fw.Web.Owin.csproj", "{40798C0D-D198-4A70-941F-923791C76B96}"
EndProject
Global
	GlobalSection(SolutionConfigurationPlatforms) = preSolution
		Debug|Any CPU = Debug|Any CPU
		Debug|x86 = Debug|x86
		Deploy-ARS|Any CPU = Deploy-ARS|Any CPU
		Deploy-ARS|x86 = Deploy-ARS|x86
		Deploy-Dev|Any CPU = Deploy-Dev|Any CPU
		Deploy-Dev|x86 = Deploy-Dev|x86
		Release|Any CPU = Release|Any CPU
		Release|x86 = Release|x86
		Release-YUSpin|Any CPU = Release-YUSpin|Any CPU
		Release-YUSpin|x86 = Release-YUSpin|x86
	EndGlobalSection
	GlobalSection(ProjectConfigurationPlatforms) = postSolution
		{B8B4A492-B14F-4082-8964-F87B9ED21580}.Debug|Any CPU.ActiveCfg = Debug|Any CPU
		{B8B4A492-B14F-4082-8964-F87B9ED21580}.Debug|Any CPU.Build.0 = Debug|Any CPU
		{B8B4A492-B14F-4082-8964-F87B9ED21580}.Debug|x86.ActiveCfg = Debug|Any CPU
		{B8B4A492-B14F-4082-8964-F87B9ED21580}.Debug|x86.Build.0 = Debug|Any CPU
		{B8B4A492-B14F-4082-8964-F87B9ED21580}.Deploy-ARS|Any CPU.ActiveCfg = Deploy-ARS|Any CPU
		{B8B4A492-B14F-4082-8964-F87B9ED21580}.Deploy-ARS|Any CPU.Build.0 = Deploy-ARS|Any CPU
		{B8B4A492-B14F-4082-8964-F87B9ED21580}.Deploy-ARS|x86.ActiveCfg = Deploy-ARS|Any CPU
		{B8B4A492-B14F-4082-8964-F87B9ED21580}.Deploy-ARS|x86.Build.0 = Deploy-ARS|Any CPU
		{B8B4A492-B14F-4082-8964-F87B9ED21580}.Deploy-Dev|Any CPU.ActiveCfg = Deploy-Dev|Any CPU
		{B8B4A492-B14F-4082-8964-F87B9ED21580}.Deploy-Dev|Any CPU.Build.0 = Deploy-Dev|Any CPU
		{B8B4A492-B14F-4082-8964-F87B9ED21580}.Deploy-Dev|x86.ActiveCfg = Deploy-Dev|Any CPU
		{B8B4A492-B14F-4082-8964-F87B9ED21580}.Deploy-Dev|x86.Build.0 = Deploy-Dev|Any CPU
		{B8B4A492-B14F-4082-8964-F87B9ED21580}.Release|Any CPU.ActiveCfg = Release|Any CPU
		{B8B4A492-B14F-4082-8964-F87B9ED21580}.Release|Any CPU.Build.0 = Release|Any CPU
		{B8B4A492-B14F-4082-8964-F87B9ED21580}.Release|x86.ActiveCfg = Release|Any CPU
		{B8B4A492-B14F-4082-8964-F87B9ED21580}.Release|x86.Build.0 = Release|Any CPU
		{B8B4A492-B14F-4082-8964-F87B9ED21580}.Release-YUSpin|Any CPU.ActiveCfg = Release-YUSpin|Any CPU
		{B8B4A492-B14F-4082-8964-F87B9ED21580}.Release-YUSpin|Any CPU.Build.0 = Release-YUSpin|Any CPU
		{B8B4A492-B14F-4082-8964-F87B9ED21580}.Release-YUSpin|x86.ActiveCfg = Release-YUSpin|Any CPU
		{B8B4A492-B14F-4082-8964-F87B9ED21580}.Release-YUSpin|x86.Build.0 = Release-YUSpin|Any CPU
		{86200F80-7D1A-43E4-884D-906175FC603A}.Debug|Any CPU.ActiveCfg = Debug|Any CPU
		{86200F80-7D1A-43E4-884D-906175FC603A}.Debug|Any CPU.Build.0 = Debug|Any CPU
		{86200F80-7D1A-43E4-884D-906175FC603A}.Debug|x86.ActiveCfg = Debug|Any CPU
		{86200F80-7D1A-43E4-884D-906175FC603A}.Debug|x86.Build.0 = Debug|Any CPU
		{86200F80-7D1A-43E4-884D-906175FC603A}.Deploy-ARS|Any CPU.ActiveCfg = Deploy-ARS|Any CPU
		{86200F80-7D1A-43E4-884D-906175FC603A}.Deploy-ARS|Any CPU.Build.0 = Deploy-ARS|Any CPU
		{86200F80-7D1A-43E4-884D-906175FC603A}.Deploy-ARS|x86.ActiveCfg = Deploy-ARS|Any CPU
		{86200F80-7D1A-43E4-884D-906175FC603A}.Deploy-ARS|x86.Build.0 = Deploy-ARS|Any CPU
		{86200F80-7D1A-43E4-884D-906175FC603A}.Deploy-Dev|Any CPU.ActiveCfg = Deploy-Dev|Any CPU
		{86200F80-7D1A-43E4-884D-906175FC603A}.Deploy-Dev|Any CPU.Build.0 = Deploy-Dev|Any CPU
		{86200F80-7D1A-43E4-884D-906175FC603A}.Deploy-Dev|x86.ActiveCfg = Deploy-Dev|Any CPU
		{86200F80-7D1A-43E4-884D-906175FC603A}.Deploy-Dev|x86.Build.0 = Deploy-Dev|Any CPU
		{86200F80-7D1A-43E4-884D-906175FC603A}.Release|Any CPU.ActiveCfg = Release|Any CPU
		{86200F80-7D1A-43E4-884D-906175FC603A}.Release|Any CPU.Build.0 = Release|Any CPU
		{86200F80-7D1A-43E4-884D-906175FC603A}.Release|x86.ActiveCfg = Release|Any CPU
		{86200F80-7D1A-43E4-884D-906175FC603A}.Release|x86.Build.0 = Release|Any CPU
		{86200F80-7D1A-43E4-884D-906175FC603A}.Release-YUSpin|Any CPU.ActiveCfg = Release-YUSpin|Any CPU
		{86200F80-7D1A-43E4-884D-906175FC603A}.Release-YUSpin|Any CPU.Build.0 = Release-YUSpin|Any CPU
		{86200F80-7D1A-43E4-884D-906175FC603A}.Release-YUSpin|x86.ActiveCfg = Release-YUSpin|Any CPU
		{86200F80-7D1A-43E4-884D-906175FC603A}.Release-YUSpin|x86.Build.0 = Release-YUSpin|Any CPU
		{DADDBA15-5234-4DC6-8835-0EC7A0E453A0}.Debug|Any CPU.ActiveCfg = Debug|Any CPU
		{DADDBA15-5234-4DC6-8835-0EC7A0E453A0}.Debug|Any CPU.Build.0 = Debug|Any CPU
		{DADDBA15-5234-4DC6-8835-0EC7A0E453A0}.Debug|x86.ActiveCfg = Debug|Any CPU
		{DADDBA15-5234-4DC6-8835-0EC7A0E453A0}.Debug|x86.Build.0 = Debug|Any CPU
		{DADDBA15-5234-4DC6-8835-0EC7A0E453A0}.Deploy-ARS|Any CPU.ActiveCfg = Deploy-ARS|Any CPU
		{DADDBA15-5234-4DC6-8835-0EC7A0E453A0}.Deploy-ARS|Any CPU.Build.0 = Deploy-ARS|Any CPU
		{DADDBA15-5234-4DC6-8835-0EC7A0E453A0}.Deploy-ARS|x86.ActiveCfg = Deploy-ARS|Any CPU
		{DADDBA15-5234-4DC6-8835-0EC7A0E453A0}.Deploy-ARS|x86.Build.0 = Deploy-ARS|Any CPU
		{DADDBA15-5234-4DC6-8835-0EC7A0E453A0}.Deploy-Dev|Any CPU.ActiveCfg = Deploy-Dev|Any CPU
		{DADDBA15-5234-4DC6-8835-0EC7A0E453A0}.Deploy-Dev|Any CPU.Build.0 = Deploy-Dev|Any CPU
		{DADDBA15-5234-4DC6-8835-0EC7A0E453A0}.Deploy-Dev|x86.ActiveCfg = Deploy-Dev|Any CPU
		{DADDBA15-5234-4DC6-8835-0EC7A0E453A0}.Deploy-Dev|x86.Build.0 = Deploy-Dev|Any CPU
		{DADDBA15-5234-4DC6-8835-0EC7A0E453A0}.Release|Any CPU.ActiveCfg = Release|Any CPU
		{DADDBA15-5234-4DC6-8835-0EC7A0E453A0}.Release|Any CPU.Build.0 = Release|Any CPU
		{DADDBA15-5234-4DC6-8835-0EC7A0E453A0}.Release|x86.ActiveCfg = Release|Any CPU
		{DADDBA15-5234-4DC6-8835-0EC7A0E453A0}.Release|x86.Build.0 = Release|Any CPU
		{DADDBA15-5234-4DC6-8835-0EC7A0E453A0}.Release-YUSpin|Any CPU.ActiveCfg = Release-YUSpin|Any CPU
		{DADDBA15-5234-4DC6-8835-0EC7A0E453A0}.Release-YUSpin|Any CPU.Build.0 = Release-YUSpin|Any CPU
		{DADDBA15-5234-4DC6-8835-0EC7A0E453A0}.Release-YUSpin|x86.ActiveCfg = Release-YUSpin|Any CPU
		{DADDBA15-5234-4DC6-8835-0EC7A0E453A0}.Release-YUSpin|x86.Build.0 = Release-YUSpin|Any CPU
		{F6A8DF59-FFCA-436A-94B4-63A79B275539}.Debug|Any CPU.ActiveCfg = Debug|Any CPU
		{F6A8DF59-FFCA-436A-94B4-63A79B275539}.Debug|Any CPU.Build.0 = Debug|Any CPU
		{F6A8DF59-FFCA-436A-94B4-63A79B275539}.Debug|x86.ActiveCfg = Debug|Any CPU
		{F6A8DF59-FFCA-436A-94B4-63A79B275539}.Debug|x86.Build.0 = Debug|Any CPU
		{F6A8DF59-FFCA-436A-94B4-63A79B275539}.Deploy-ARS|Any CPU.ActiveCfg = Deploy-ARS|Any CPU
		{F6A8DF59-FFCA-436A-94B4-63A79B275539}.Deploy-ARS|Any CPU.Build.0 = Deploy-ARS|Any CPU
		{F6A8DF59-FFCA-436A-94B4-63A79B275539}.Deploy-ARS|x86.ActiveCfg = Deploy-ARS|Any CPU
		{F6A8DF59-FFCA-436A-94B4-63A79B275539}.Deploy-ARS|x86.Build.0 = Deploy-ARS|Any CPU
		{F6A8DF59-FFCA-436A-94B4-63A79B275539}.Deploy-Dev|Any CPU.ActiveCfg = Deploy-Dev|Any CPU
		{F6A8DF59-FFCA-436A-94B4-63A79B275539}.Deploy-Dev|Any CPU.Build.0 = Deploy-Dev|Any CPU
		{F6A8DF59-FFCA-436A-94B4-63A79B275539}.Deploy-Dev|x86.ActiveCfg = Deploy-Dev|Any CPU
		{F6A8DF59-FFCA-436A-94B4-63A79B275539}.Deploy-Dev|x86.Build.0 = Deploy-Dev|Any CPU
		{F6A8DF59-FFCA-436A-94B4-63A79B275539}.Release|Any CPU.ActiveCfg = Release|Any CPU
		{F6A8DF59-FFCA-436A-94B4-63A79B275539}.Release|Any CPU.Build.0 = Release|Any CPU
		{F6A8DF59-FFCA-436A-94B4-63A79B275539}.Release|x86.ActiveCfg = Release|Any CPU
		{F6A8DF59-FFCA-436A-94B4-63A79B275539}.Release|x86.Build.0 = Release|Any CPU
		{F6A8DF59-FFCA-436A-94B4-63A79B275539}.Release-YUSpin|Any CPU.ActiveCfg = Release-YUSpin|Any CPU
		{F6A8DF59-FFCA-436A-94B4-63A79B275539}.Release-YUSpin|Any CPU.Build.0 = Release-YUSpin|Any CPU
		{F6A8DF59-FFCA-436A-94B4-63A79B275539}.Release-YUSpin|x86.ActiveCfg = Release-YUSpin|Any CPU
		{F6A8DF59-FFCA-436A-94B4-63A79B275539}.Release-YUSpin|x86.Build.0 = Release-YUSpin|Any CPU
		{1D5822C8-47B8-4C85-924B-EB47ACF707FF}.Debug|Any CPU.ActiveCfg = Debug|Any CPU
		{1D5822C8-47B8-4C85-924B-EB47ACF707FF}.Debug|Any CPU.Build.0 = Debug|Any CPU
		{1D5822C8-47B8-4C85-924B-EB47ACF707FF}.Debug|x86.ActiveCfg = Debug|Any CPU
		{1D5822C8-47B8-4C85-924B-EB47ACF707FF}.Debug|x86.Build.0 = Debug|Any CPU
		{1D5822C8-47B8-4C85-924B-EB47ACF707FF}.Deploy-ARS|Any CPU.ActiveCfg = Deploy-ARS|Any CPU
		{1D5822C8-47B8-4C85-924B-EB47ACF707FF}.Deploy-ARS|Any CPU.Build.0 = Deploy-ARS|Any CPU
		{1D5822C8-47B8-4C85-924B-EB47ACF707FF}.Deploy-ARS|x86.ActiveCfg = Deploy-ARS|Any CPU
		{1D5822C8-47B8-4C85-924B-EB47ACF707FF}.Deploy-ARS|x86.Build.0 = Deploy-ARS|Any CPU
		{1D5822C8-47B8-4C85-924B-EB47ACF707FF}.Deploy-Dev|Any CPU.ActiveCfg = Deploy-Dev|Any CPU
		{1D5822C8-47B8-4C85-924B-EB47ACF707FF}.Deploy-Dev|Any CPU.Build.0 = Deploy-Dev|Any CPU
		{1D5822C8-47B8-4C85-924B-EB47ACF707FF}.Deploy-Dev|x86.ActiveCfg = Deploy-Dev|Any CPU
		{1D5822C8-47B8-4C85-924B-EB47ACF707FF}.Deploy-Dev|x86.Build.0 = Deploy-Dev|Any CPU
		{1D5822C8-47B8-4C85-924B-EB47ACF707FF}.Release|Any CPU.ActiveCfg = Release|Any CPU
		{1D5822C8-47B8-4C85-924B-EB47ACF707FF}.Release|Any CPU.Build.0 = Release|Any CPU
		{1D5822C8-47B8-4C85-924B-EB47ACF707FF}.Release|x86.ActiveCfg = Release|Any CPU
		{1D5822C8-47B8-4C85-924B-EB47ACF707FF}.Release|x86.Build.0 = Release|Any CPU
		{1D5822C8-47B8-4C85-924B-EB47ACF707FF}.Release-YUSpin|Any CPU.ActiveCfg = Release-YUSpin|Any CPU
		{1D5822C8-47B8-4C85-924B-EB47ACF707FF}.Release-YUSpin|Any CPU.Build.0 = Release-YUSpin|Any CPU
		{1D5822C8-47B8-4C85-924B-EB47ACF707FF}.Release-YUSpin|x86.ActiveCfg = Release-YUSpin|Any CPU
		{1D5822C8-47B8-4C85-924B-EB47ACF707FF}.Release-YUSpin|x86.Build.0 = Release-YUSpin|Any CPU
		{974D1CC0-DC07-4DB5-B40F-AD1174F88CF3}.Debug|Any CPU.ActiveCfg = Debug|Any CPU
		{974D1CC0-DC07-4DB5-B40F-AD1174F88CF3}.Debug|Any CPU.Build.0 = Debug|Any CPU
		{974D1CC0-DC07-4DB5-B40F-AD1174F88CF3}.Debug|x86.ActiveCfg = Debug|Any CPU
		{974D1CC0-DC07-4DB5-B40F-AD1174F88CF3}.Debug|x86.Build.0 = Debug|Any CPU
		{974D1CC0-DC07-4DB5-B40F-AD1174F88CF3}.Deploy-ARS|Any CPU.ActiveCfg = Deploy-ARS|Any CPU
		{974D1CC0-DC07-4DB5-B40F-AD1174F88CF3}.Deploy-ARS|Any CPU.Build.0 = Deploy-ARS|Any CPU
		{974D1CC0-DC07-4DB5-B40F-AD1174F88CF3}.Deploy-ARS|x86.ActiveCfg = Deploy-ARS|Any CPU
		{974D1CC0-DC07-4DB5-B40F-AD1174F88CF3}.Deploy-ARS|x86.Build.0 = Deploy-ARS|Any CPU
		{974D1CC0-DC07-4DB5-B40F-AD1174F88CF3}.Deploy-Dev|Any CPU.ActiveCfg = Deploy-Dev|Any CPU
		{974D1CC0-DC07-4DB5-B40F-AD1174F88CF3}.Deploy-Dev|Any CPU.Build.0 = Deploy-Dev|Any CPU
		{974D1CC0-DC07-4DB5-B40F-AD1174F88CF3}.Deploy-Dev|x86.ActiveCfg = Deploy-Dev|Any CPU
		{974D1CC0-DC07-4DB5-B40F-AD1174F88CF3}.Deploy-Dev|x86.Build.0 = Deploy-Dev|Any CPU
		{974D1CC0-DC07-4DB5-B40F-AD1174F88CF3}.Release|Any CPU.ActiveCfg = Release|Any CPU
		{974D1CC0-DC07-4DB5-B40F-AD1174F88CF3}.Release|Any CPU.Build.0 = Release|Any CPU
		{974D1CC0-DC07-4DB5-B40F-AD1174F88CF3}.Release|x86.ActiveCfg = Release|Any CPU
		{974D1CC0-DC07-4DB5-B40F-AD1174F88CF3}.Release|x86.Build.0 = Release|Any CPU
		{974D1CC0-DC07-4DB5-B40F-AD1174F88CF3}.Release-YUSpin|Any CPU.ActiveCfg = Release-YUSpin|Any CPU
		{974D1CC0-DC07-4DB5-B40F-AD1174F88CF3}.Release-YUSpin|Any CPU.Build.0 = Release-YUSpin|Any CPU
		{974D1CC0-DC07-4DB5-B40F-AD1174F88CF3}.Release-YUSpin|x86.ActiveCfg = Release-YUSpin|Any CPU
		{974D1CC0-DC07-4DB5-B40F-AD1174F88CF3}.Release-YUSpin|x86.Build.0 = Release-YUSpin|Any CPU
		{2E521F9E-66E2-447A-AC65-F9A1A1F1B1E3}.Debug|Any CPU.ActiveCfg = Debug|Any CPU
		{2E521F9E-66E2-447A-AC65-F9A1A1F1B1E3}.Debug|Any CPU.Build.0 = Debug|Any CPU
		{2E521F9E-66E2-447A-AC65-F9A1A1F1B1E3}.Debug|x86.ActiveCfg = Debug|Any CPU
		{2E521F9E-66E2-447A-AC65-F9A1A1F1B1E3}.Debug|x86.Build.0 = Debug|Any CPU
		{2E521F9E-66E2-447A-AC65-F9A1A1F1B1E3}.Deploy-ARS|Any CPU.ActiveCfg = Deploy-ARS|Any CPU
		{2E521F9E-66E2-447A-AC65-F9A1A1F1B1E3}.Deploy-ARS|Any CPU.Build.0 = Deploy-ARS|Any CPU
		{2E521F9E-66E2-447A-AC65-F9A1A1F1B1E3}.Deploy-ARS|x86.ActiveCfg = Deploy-ARS|Any CPU
		{2E521F9E-66E2-447A-AC65-F9A1A1F1B1E3}.Deploy-ARS|x86.Build.0 = Deploy-ARS|Any CPU
		{2E521F9E-66E2-447A-AC65-F9A1A1F1B1E3}.Deploy-Dev|Any CPU.ActiveCfg = Deploy-Dev|Any CPU
		{2E521F9E-66E2-447A-AC65-F9A1A1F1B1E3}.Deploy-Dev|Any CPU.Build.0 = Deploy-Dev|Any CPU
		{2E521F9E-66E2-447A-AC65-F9A1A1F1B1E3}.Deploy-Dev|x86.ActiveCfg = Deploy-Dev|Any CPU
		{2E521F9E-66E2-447A-AC65-F9A1A1F1B1E3}.Deploy-Dev|x86.Build.0 = Deploy-Dev|Any CPU
		{2E521F9E-66E2-447A-AC65-F9A1A1F1B1E3}.Release|Any CPU.ActiveCfg = Release|Any CPU
		{2E521F9E-66E2-447A-AC65-F9A1A1F1B1E3}.Release|Any CPU.Build.0 = Release|Any CPU
		{2E521F9E-66E2-447A-AC65-F9A1A1F1B1E3}.Release|x86.ActiveCfg = Release|Any CPU
		{2E521F9E-66E2-447A-AC65-F9A1A1F1B1E3}.Release|x86.Build.0 = Release|Any CPU
		{2E521F9E-66E2-447A-AC65-F9A1A1F1B1E3}.Release-YUSpin|Any CPU.ActiveCfg = Release-YUSpin|Any CPU
		{2E521F9E-66E2-447A-AC65-F9A1A1F1B1E3}.Release-YUSpin|Any CPU.Build.0 = Release-YUSpin|Any CPU
		{2E521F9E-66E2-447A-AC65-F9A1A1F1B1E3}.Release-YUSpin|x86.ActiveCfg = Release-YUSpin|Any CPU
		{2E521F9E-66E2-447A-AC65-F9A1A1F1B1E3}.Release-YUSpin|x86.Build.0 = Release-YUSpin|Any CPU
		{5F45AD5B-AC23-4252-B7F5-AFBB39278A59}.Debug|Any CPU.ActiveCfg = Debug|Any CPU
		{5F45AD5B-AC23-4252-B7F5-AFBB39278A59}.Debug|Any CPU.Build.0 = Debug|Any CPU
		{5F45AD5B-AC23-4252-B7F5-AFBB39278A59}.Debug|x86.ActiveCfg = Debug|Any CPU
		{5F45AD5B-AC23-4252-B7F5-AFBB39278A59}.Debug|x86.Build.0 = Debug|Any CPU
		{5F45AD5B-AC23-4252-B7F5-AFBB39278A59}.Deploy-ARS|Any CPU.ActiveCfg = Deploy-ARS|Any CPU
		{5F45AD5B-AC23-4252-B7F5-AFBB39278A59}.Deploy-ARS|Any CPU.Build.0 = Deploy-ARS|Any CPU
		{5F45AD5B-AC23-4252-B7F5-AFBB39278A59}.Deploy-ARS|x86.ActiveCfg = Deploy-ARS|Any CPU
		{5F45AD5B-AC23-4252-B7F5-AFBB39278A59}.Deploy-ARS|x86.Build.0 = Deploy-ARS|Any CPU
		{5F45AD5B-AC23-4252-B7F5-AFBB39278A59}.Deploy-Dev|Any CPU.ActiveCfg = Deploy-Dev|Any CPU
		{5F45AD5B-AC23-4252-B7F5-AFBB39278A59}.Deploy-Dev|Any CPU.Build.0 = Deploy-Dev|Any CPU
		{5F45AD5B-AC23-4252-B7F5-AFBB39278A59}.Deploy-Dev|x86.ActiveCfg = Deploy-Dev|Any CPU
		{5F45AD5B-AC23-4252-B7F5-AFBB39278A59}.Deploy-Dev|x86.Build.0 = Deploy-Dev|Any CPU
		{5F45AD5B-AC23-4252-B7F5-AFBB39278A59}.Release|Any CPU.ActiveCfg = Release|Any CPU
		{5F45AD5B-AC23-4252-B7F5-AFBB39278A59}.Release|Any CPU.Build.0 = Release|Any CPU
		{5F45AD5B-AC23-4252-B7F5-AFBB39278A59}.Release|x86.ActiveCfg = Release|Any CPU
		{5F45AD5B-AC23-4252-B7F5-AFBB39278A59}.Release|x86.Build.0 = Release|Any CPU
		{5F45AD5B-AC23-4252-B7F5-AFBB39278A59}.Release-YUSpin|Any CPU.ActiveCfg = Release-YUSpin|Any CPU
		{5F45AD5B-AC23-4252-B7F5-AFBB39278A59}.Release-YUSpin|Any CPU.Build.0 = Release-YUSpin|Any CPU
		{5F45AD5B-AC23-4252-B7F5-AFBB39278A59}.Release-YUSpin|x86.ActiveCfg = Release-YUSpin|Any CPU
		{5F45AD5B-AC23-4252-B7F5-AFBB39278A59}.Release-YUSpin|x86.Build.0 = Release-YUSpin|Any CPU
		{40798C0D-D198-4A70-941F-923791C76B96}.Debug|Any CPU.ActiveCfg = Debug|Any CPU
		{40798C0D-D198-4A70-941F-923791C76B96}.Debug|Any CPU.Build.0 = Debug|Any CPU
		{40798C0D-D198-4A70-941F-923791C76B96}.Debug|x86.ActiveCfg = Debug|Any CPU
		{40798C0D-D198-4A70-941F-923791C76B96}.Debug|x86.Build.0 = Debug|Any CPU
		{40798C0D-D198-4A70-941F-923791C76B96}.Deploy-ARS|Any CPU.ActiveCfg = Deploy-ARS|Any CPU
		{40798C0D-D198-4A70-941F-923791C76B96}.Deploy-ARS|Any CPU.Build.0 = Deploy-ARS|Any CPU
		{40798C0D-D198-4A70-941F-923791C76B96}.Deploy-ARS|x86.ActiveCfg = Deploy-ARS|Any CPU
		{40798C0D-D198-4A70-941F-923791C76B96}.Deploy-ARS|x86.Build.0 = Deploy-ARS|Any CPU
		{40798C0D-D198-4A70-941F-923791C76B96}.Deploy-Dev|Any CPU.ActiveCfg = Deploy-Dev|Any CPU
		{40798C0D-D198-4A70-941F-923791C76B96}.Deploy-Dev|Any CPU.Build.0 = Deploy-Dev|Any CPU
		{40798C0D-D198-4A70-941F-923791C76B96}.Deploy-Dev|x86.ActiveCfg = Deploy-Dev|Any CPU
		{40798C0D-D198-4A70-941F-923791C76B96}.Deploy-Dev|x86.Build.0 = Deploy-Dev|Any CPU
		{40798C0D-D198-4A70-941F-923791C76B96}.Release|Any CPU.ActiveCfg = Release|Any CPU
		{40798C0D-D198-4A70-941F-923791C76B96}.Release|Any CPU.Build.0 = Release|Any CPU
		{40798C0D-D198-4A70-941F-923791C76B96}.Release|x86.ActiveCfg = Release|Any CPU
		{40798C0D-D198-4A70-941F-923791C76B96}.Release|x86.Build.0 = Release|Any CPU
		{40798C0D-D198-4A70-941F-923791C76B96}.Release-YUSpin|Any CPU.ActiveCfg = Release-YUSpin|Any CPU
		{40798C0D-D198-4A70-941F-923791C76B96}.Release-YUSpin|Any CPU.Build.0 = Release-YUSpin|Any CPU
		{40798C0D-D198-4A70-941F-923791C76B96}.Release-YUSpin|x86.ActiveCfg = Release-YUSpin|Any CPU
		{40798C0D-D198-4A70-941F-923791C76B96}.Release-YUSpin|x86.Build.0 = Release-YUSpin|Any CPU
	EndGlobalSection
	GlobalSection(SolutionProperties) = preSolution
		HideSolutionNode = FALSE
	EndGlobalSection
EndGlobal
